# THIS IS AN AUTOGENERATED FILE. DO NOT EDIT THIS FILE DIRECTLY.
# yarn lockfile v1


next-app@^0.0.0:
  version "0.0.0"
  resolved "https://registry.yarnpkg.com/next-app/-/next-app-0.0.0.tgz#74429f7144a3bde95383d84df10dae7ef0a9cf22"
  integrity sha512-vBpHtHZ8mzS+Ul90YVXYBdbBU3v5Ej//Vap8MVCzVBIreHQmaeT60kvqwJVZQ+reFSmU18fAhvC0xMkafWn//Q==

web@^0.0.2:
  version "0.0.2"
  resolved "https://registry.yarnpkg.com/web/-/web-0.0.2.tgz#d9e227387306db8c4b239f0f4bae7fc14b4c117a"
  integrity sha1-2eInOHMG24xLI58PS65/wUtMEXo=
